// !$*UTF8*$!
{
	archiveVersion = 1;
	classes = {
	};
	objectVersion = 50;
	objects = {

/* Begin PBXBuildFile section */
		A0879B2326EB4BD700446D78 /* AppDelegate.swift in Sources */ = {isa = PBXBuildFile; fileRef = A0879B2226EB4BD700446D78 /* AppDelegate.swift */; };
		A0879B2526EB4BD700446D78 /* SceneDelegate.swift in Sources */ = {isa = PBXBuildFile; fileRef = A0879B2426EB4BD700446D78 /* SceneDelegate.swift */; };
		A0879B2726EB4BD700446D78 /* LoginViewController.swift in Sources */ = {isa = PBXBuildFile; fileRef = A0879B2626EB4BD700446D78 /* LoginViewController.swift */; };
		A0879B2A26EB4BD700446D78 /* Main.storyboard in Resources */ = {isa = PBXBuildFile; fileRef = A0879B2826EB4BD700446D78 /* Main.storyboard */; };
		A0879B2C26EB4BD800446D78 /* Assets.xcassets in Resources */ = {isa = PBXBuildFile; fileRef = A0879B2B26EB4BD800446D78 /* Assets.xcassets */; };
		A0879B2F26EB4BD800446D78 /* LaunchScreen.storyboard in Resources */ = {isa = PBXBuildFile; fileRef = A0879B2D26EB4BD800446D78 /* LaunchScreen.storyboard */; };
		A0879B3926EBC61C00446D78 /* WelcomeViewController.swift in Sources */ = {isa = PBXBuildFile; fileRef = A0879B3826EBC61C00446D78 /* WelcomeViewController.swift */; };
/* End PBXBuildFile section */

/* Begin PBXFileReference section */
		A0879B1F26EB4BD700446D78 /* hw-2.3.app */ = {isa = PBXFileReference; explicitFileType = wrapper.application; includeInIndex = 0; path = "hw-2.3.app"; sourceTree = BUILT_PRODUCTS_DIR; };
		A0879B2226EB4BD700446D78 /* AppDelegate.swift */ = {isa = PBXFileReference; lastKnownFileType = sourcecode.swift; path = AppDelegate.swift; sourceTree = "<group>"; };
		A0879B2426EB4BD700446D78 /* SceneDelegate.swift */ = {isa = PBXFileReference; lastKnownFileType = sourcecode.swift; path = SceneDelegate.swift; sourceTree = "<group>"; };
		A0879B2626EB4BD700446D78 /* LoginViewController.swift */ = {isa = PBXFileReference; lastKnownFileType = sourcecode.swift; path = LoginViewController.swift; sourceTree = "<group>"; };
		A0879B2926EB4BD700446D78 /* Base */ = {isa = PBXFileReference; lastKnownFileType = file.storyboard; name = Base; path = Base.lproj/Main.storyboard; sourceTree = "<group>"; };
		A0879B2B26EB4BD800446D78 /* Assets.xcassets */ = {isa = PBXFileReference; lastKnownFileType = folder.assetcatalog; path = Assets.xcassets; sourceTree = "<group>"; };
		A0879B2E26EB4BD800446D78 /* Base */ = {isa = PBXFileReference; lastKnownFileType = file.storyboard; name = Base; path = Base.lproj/LaunchScreen.storyboard; sourceTree = "<group>"; };
		A0879B3026EB4BD800446D78 /* Info.plist */ = {isa = PBXFileReference; lastKnownFileType = text.plist.xml; path = Info.plist; sourceTree = "<group>"; };
		A0879B3826EBC61C00446D78 /* WelcomeViewController.swift */ = {isa = PBXFileReference; lastKnownFileType = sourcecode.swift; path = WelcomeViewController.swift; sourceTree = "<group>"; };
/* End PBXFileReference section */

/* Begin PBXFrameworksBuildPhase section */
		A0879B1C26EB4BD700446D78 /* Frameworks */ = {
			isa = PBXFrameworksBuildPhase;
			buildActionMask = 2147483647;
			files = (
			);
			runOnlyForDeploymentPostprocessing = 0;
		};
/* End PBXFrameworksBuildPhase section */

/* Begin PBXGroup section */
		A0879B1626EB4BD700446D78 = {
			isa = PBXGroup;
			children = (
				A0879B2126EB4BD700446D78 /* hw-2.3 */,
				A0879B2026EB4BD700446D78 /* Products */,
			);
			sourceTree = "<group>";
		};
		A0879B2026EB4BD700446D78 /* Products */ = {
			isa = PBXGroup;
			children = (
				A0879B1F26EB4BD700446D78 /* hw-2.3.app */,
			);
			name = Products;
			sourceTree = "<group>";
		};
		A0879B2126EB4BD700446D78 /* hw-2.3 */ = {
			isa = PBXGroup;
			children = (
				A0879B2226EB4BD700446D78 /* AppDelegate.swift */,
				A0879B2426EB4BD700446D78 /* SceneDelegate.swift */,
				A0879B2626EB4BD700446D78 /* LoginViewController.swift */,
				A0879B3826EBC61C00446D78 /* WelcomeViewController.swift */,
				A0879B2826EB4BD700446D78 /* Main.storyboard */,
				A0879B2B26EB4BD800446D78 /* Assets.xcassets */,
				A0879B2D26EB4BD800446D78 /* LaunchScreen.storyboard */,
				A0879B3026EB4BD800446D78 /* Info.plist */,
			);
			path = "hw-2.3";
			sourceTree = "<group>";
		};
/* End PBXGroup section */

/* Begin PBXNativeTarget section */
		A0879B1E26EB4BD700446D78 /* hw-2.3 */ = {
			isa = PBXNativeTarget;
			buildConfigurationList = A0879B3326EB4BD800446D78 /* Build configuration list for PBXNativeTarget "hw-2.3" */;
			buildPhases = (
				A0879B1B26EB4BD700446D78 /* Sources */,
				A0879B1C26EB4BD700446D78 /* Frameworks */,
				A0879B1D26EB4BD700446D78 /* Resources */,
			);
			buildRules = (
			);
			dependencies = (
			);
			name = "hw-2.3";
			productName = "hw-2.3";
			productReference = A0879B1F26EB4BD700446D78 /* hw-2.3.app */;
			productType = "com.apple.product-type.application";
		};
/* End PBXNativeTarget section */

/* Begin PBXProject section */
		A0879B1726EB4BD700446D78 /* Project object */ = {
			isa = PBXProject;
			attributes = {
				LastSwiftUpdateCheck = 1250;
				LastUpgradeCheck = 1250;
				TargetAttributes = {
					A0879B1E26EB4BD700446D78 = {
						CreatedOnToolsVersion = 12.5.1;
					};
				};
			};
			buildConfigurationList = A0879B1A26EB4BD700446D78 /* Build configuration list for PBXProject "hw-2.3" */;
			compatibilityVersion = "Xcode 9.3";
			developmentRegion = en;
			hasScannedForEncodings = 0;
			knownRegions = (
				en,
				Base,
			);
			mainGroup = A0879B1626EB4BD700446D78;
			productRefGroup = A0879B2026EB4BD700446D78 /* Products */;
			projectDirPath = "";
			projectRoot = "";
			targets = (
				A0879B1E26EB4BD700446D78 /* hw-2.3 */,
			);
		};
/* End PBXProject section */

/* Begin PBXResourcesBuildPhase section */
		A0879B1D26EB4BD700446D78 /* Resources */ = {
			isa = PBXResourcesBuildPhase;
			buildActionMask = 2147483647;
			files = (
				A0879B2F26EB4BD800446D78 /* LaunchScreen.storyboard in Resources */,
				A0879B2C26EB4BD800446D78 /* Assets.xcassets in Resources */,
				A0879B2A26EB4BD700446D78 /* Main.storyboard in Resources */,
			);
			runOnlyForDeploymentPostprocessing = 0;
		};
/* End PBXResourcesBuildPhase section */

/* Begin PBXSourcesBuildPhase section */
		A0879B1B26EB4BD700446D78 /* Sources */ = {
			isa = PBXSourcesBuildPhase;
			buildActionMask = 2147483647;
			files = (
				A0879B2726EB4BD700446D78 /* LoginViewController.swift in Sources */,
				A0879B3926EBC61C00446D78 /* WelcomeViewController.swift in Sources */,
				A0879B2326EB4BD700446D78 /* AppDelegate.swift in Sources */,
				A0879B2526EB4BD700446D78 /* SceneDelegate.swift in Sources */,
			);
			runOnlyForDeploymentPostprocessing = 0;
		};
/* End PBXSourcesBuildPhase section */

/* Begin PBXVariantGroup section */
		A0879B2826EB4BD700446D78 /* Main.storyboard */ = {
			isa = PBXVariantGroup;
			children = (
				A0879B2926EB4BD700446D78 /* Base */,
			);
			name = Main.storyboard;
			sourceTree = "<group>";
		};
		A0879B2D26EB4BD800446D78 /* LaunchScreen.storyboard */ = {
			isa = PBXVariantGroup;
			children = (
				A0879B2E26EB4BD800446D78 /* Base */,
			);
			name = LaunchScreen.storyboard;
			sourceTree = "<group>";
		};
/* End PBXVariantGroup section */

/* Begin XCBuildConfiguration section */
		A0879B3126EB4BD800446D78 /* Debug */ = {
			isa = XCBuildConfiguration;
			buildSettings = {
				ALWAYS_SEARCH_USER_PATHS = NO;
				CLANG_ANALYZER_NONNULL = YES;
				CLANG_ANALYZER_NUMBER_OBJECT_CONVERSION = YES_AGGRESSIVE;
				CLANG_CXX_LANGUAGE_STANDARD = "gnu++14";
				CLANG_CXX_LIBRARY = "libc++";
				CLANG_ENABLE_MODULES = YES;
				CLANG_ENABLE_OBJC_ARC = YES;
				CLANG_ENABLE_OBJC_WEAK = YES;
				CLANG_WARN_BLOCK_CAPTURE_AUTORELEASING = YES;
				CLANG_WARN_BOOL_CONVERSION = YES;
				CLANG_WARN_COMMA = YES;
				CLANG_WARN_CONSTANT_CONVERSION = YES;
				CLANG_WARN_DEPRECATED_OBJC_IMPLEMENTATIONS = YES;
				CLANG_WARN_DIRECT_OBJC_ISA_USAGE = YES_ERROR;
				CLANG_WARN_DOCUMENTATION_COMMENTS = YES;
				CLANG_WARN_EMPTY_BODY = YES;
				CLANG_WARN_ENUM_CONVERSION = YES;
				CLANG_WARN_INFINITE_RECURSION = YES;
				CLANG_WARN_INT_CONVERSION = YES;
				CLANG_WARN_NON_LITERAL_NULL_CONVERSION = YES;
				CLANG_WARN_OBJC_IMPLICIT_RETAIN_SELF = YES;
				CLANG_WARN_OBJC_LITERAL_CONVERSION = YES;
				CLANG_WARN_OBJC_ROOT_CLASS = YES_ERROR;
				CLANG_WARN_QUOTED_INCLUDE_IN_FRAMEWORK_HEADER = YES;
				CLANG_WARN_RANGE_LOOP_ANALYSIS = YES;
				CLANG_WARN_STRICT_PROTOTYPES = YES;
				CLANG_WARN_SUSPICIOUS_MOVE = YES;
				CLANG_WARN_UNGUARDED_AVAILABILITY = YES_AGGRESSIVE;
				CLANG_WARN_UNREACHABLE_CODE = YES;
				CLANG_WARN__DUPLICATE_METHOD_MATCH = YES;
				COPY_PHASE_STRIP = NO;
				DEBUG_INFORMATION_FORMAT = dwarf;
				ENABLE_STRICT_OBJC_MSGSEND = YES;
				ENABLE_TESTABILITY = YES;
				GCC_C_LANGUAGE_STANDARD = gnu11;
				GCC_DYNAMIC_NO_PIC = NO;
				GCC_NO_COMMON_BLOCKS = YES;
				GCC_OPTIMIZATION_LEVEL = 0;
				GCC_PREPROCESSOR_DEFINITIONS = (
					"DEBUG=1",
					"$(inherited)",
				);
				GCC_WARN_64_TO_32_BIT_CONVERSION = YES;
				GCC_WARN_ABOUT_RETURN_TYPE = YES_ERROR;
				GCC_WARN_UNDECLARED_SELECTOR = YES;
				GCC_WARN_UNINITIALIZED_AUTOS = YES_AGGRESSIVE;
				GCC_WARN_UNUSED_FUNCTION = YES;
				GCC_WARN_UNUSED_VARIABLE = YES;
				IPHONEOS_DEPLOYMENT_TARGET = 14.5;
				MTL_ENABLE_DEBUG_INFO = INCLUDE_SOURCE;
				MTL_FAST_MATH = YES;
				ONLY_ACTIVE_ARCH = YES;
				SDKROOT = iphoneos;
				SWIFT_ACTIVE_COMPILATION_CONDITIONS = DEBUG;
				SWIFT_OPTIMIZATION_LEVEL = "-Onone";
			};
			name = Debug;
		};
		A0879B3226EB4BD800446D78 /* Release */ = {
			isa = XCBuildConfiguration;
			buildSettings = {
				ALWAYS_SEARCH_USER_PATHS = NO;
				CLANG_ANALYZER_NONNULL = YES;
				CLANG_ANALYZER_NUMBER_OBJECT_CONVERSION = YES_AGGRESSIVE;
				CLANG_CXX_LANGUAGE_STANDARD = "gnu++14";
				CLANG_CXX_LIBRARY = "libc++";
				CLANG_ENABLE_MODULES = YES;
				CLANG_ENABLE_OBJC_ARC = YES;
				CLANG_ENABLE_OBJC_WEAK = YES;
				CLANG_WARN_BLOCK_CAPTURE_AUTORELEASING = YES;
				CLANG_WARN_BOOL_CONVERSION = YES;
				CLANG_WARN_COMMA = YES;
				CLANG_WARN_CONSTANT_CONVERSION = YES;
				CLANG_WARN_DEPRECATED_OBJC_IMPLEMENTATIONS = YES;
				CLANG_WARN_DIRECT_OBJC_ISA_USAGE = YES_ERROR;
				CLANG_WARN_DOCUMENTATION_COMMENTS = YES;
				CLANG_WARN_EMPTY_BODY = YES;
				CLANG_WARN_ENUM_CONVERSION = YES;
				CLANG_WARN_INFINITE_RECURSION = YES;
				CLANG_WARN_INT_CONVERSION = YES;
				CLANG_WARN_NON_LITERAL_NULL_CONVERSION = YES;
				CLANG_WARN_OBJC_IMPLICIT_RETAIN_SELF = YES;
				CLANG_WARN_OBJC_LITERAL_CONVERSION = YES;
				CLANG_WARN_OBJC_ROOT_CLASS = YES_ERROR;
				CLANG_WARN_QUOTED_INCLUDE_IN_FRAMEWORK_HEADER = YES;
				CLANG_WARN_RANGE_LOOP_ANALYSIS = YES;
				CLANG_WARN_STRICT_PROTOTYPES = YES;
				CLANG_WARN_SUSPICIOUS_MOVE = YES;
				CLANG_WARN_UNGUARDED_AVAILABILITY = YES_AGGRESSIVE;
				CLANG_WARN_UNREACHABLE_CODE = YES;
				CLANG_WARN__DUPLICATE_METHOD_MATCH = YES;
				COPY_PHASE_STRIP = NO;
				DEBUG_INFORMATION_FORMAT = "dwarf-with-dsym";
				ENABLE_NS_ASSERTIONS = NO;
				ENABLE_STRICT_OBJC_MSGSEND = YES;
				GCC_C_LANGUAGE_STANDARD = gnu11;
				GCC_NO_COMMON_BLOCKS = YES;
				GCC_WARN_64_TO_32_BIT_CONVERSION = YES;
				GCC_WARN_ABOUT_RETURN_TYPE = YES_ERROR;
				GCC_WARN_UNDECLARED_SELECTOR = YES;
				GCC_WARN_UNINITIALIZED_AUTOS = YES_AGGRESSIVE;
				GCC_WARN_UNUSED_FUNCTION = YES;
				GCC_WARN_UNUSED_VARIABLE = YES;
				IPHONEOS_DEPLOYMENT_TARGET = 14.5;
				MTL_ENABLE_DEBUG_INFO = NO;
				MTL_FAST_MATH = YES;
				SDKROOT = iphoneos;
				SWIFT_COMPILATION_MODE = wholemodule;
				SWIFT_OPTIMIZATION_LEVEL = "-O";
				VALIDATE_PRODUCT = YES;
			};
			name = Release;
		};
		A0879B3426EB4BD800446D78 /* Debug */ = {
			isa = XCBuildConfiguration;
			buildSettings = {
				ASSETCATALOG_COMPILER_APPICON_NAME = AppIcon;
				ASSETCATALOG_COMPILER_GLOBAL_ACCENT_COLOR_NAME = AccentColor;
				CODE_SIGN_STYLE = Automatic;
				DEVELOPMENT_TEAM = 283WP266CX;
				INFOPLIST_FILE = "hw-2.3/Info.plist";
				LD_RUNPATH_SEARCH_PATHS = (
					"$(inherited)",
					"@executable_path/Frameworks",
				);
				PRODUCT_BUNDLE_IDENTIFIER = "Vahtee-Boo.hw-2-3";
				PRODUCT_NAME = "$(TARGET_NAME)";
				SWIFT_VERSION = 5.0;
				TARGETED_DEVICE_FAMILY = 1;
			};
			name = Debug;
		};
		A0879B3526EB4BD800446D78 /* Release */ = {
			isa = XCBuildConfiguration;
			buildSettings = {
				ASSETCATALOG_COMPILER_APPICON_NAME = AppIcon;
				ASSETCATALOG_COMPILER_GLOBAL_ACCENT_COLOR_NAME = AccentColor;
				CODE_SIGN_STYLE = Automatic;
				DEVELOPMENT_TEAM = 283WP266CX;
				INFOPLIST_FILE = "hw-2.3/Info.plist";
				LD_RUNPATH_SEARCH_PATHS = (
					"$(inherited)",
					"@executable_path/Frameworks",
				);
				PRODUCT_BUNDLE_IDENTIFIER = "Vahtee-Boo.hw-2-3";
				PRODUCT_NAME = "$(TARGET_NAME)";
				SWIFT_VERSION = 5.0;
				TARGETED_DEVICE_FAMILY = 1;
			};
			name = Release;
		};
/* End XCBuildConfiguration section */

/* Begin XCConfigurationList section */
		A0879B1A26EB4BD700446D78 /* Build configuration list for PBXProject "hw-2.3" */ = {
			isa = XCConfigurationList;
			buildConfigurations = (
				A0879B3126EB4BD800446D78 /* Debug */,
				A0879B3226EB4BD800446D78 /* Release */,
			);
			defaultConfigurationIsVisible = 0;
			defaultConfigurationName = Release;
		};
		A0879B3326EB4BD800446D78 /* Build configuration list for PBXNativeTarget "hw-2.3" */ = {
			isa = XCConfigurationList;
			buildConfigurations = (
				A0879B3426EB4BD800446D78 /* Debug */,
				A0879B3526EB4BD800446D78 /* Release */,
			);
			defaultConfigurationIsVisible = 0;
			defaultConfigurationName = Release;
		};
/* End XCConfigurationList section */
	};
	rootObject = A0879B1726EB4BD700446D78 /* Project object */;
}
